
Microsoft Visual Studio Solution File, Format Version 12.00
# Visual Studio Version 16
VisualStudioVersion = 16.0.28917.181
MinimumVisualStudioVersion = 10.0.40219.1
Project("{888888A0-9F3D-457C-B088-3A5042F75D52}") = "FirstDay", "FirstDay\FirstDay.pyproj", "{75DBFB8E-96A8-47B5-881B-374CF1C478CF}"
EndProject
Project("{888888A0-9F3D-457C-B088-3A5042F75D52}") = "FlaskWebProject1", "FlaskWebProject1\FlaskWebProject1.pyproj", "{A67AF5B8-ED25-427E-8241-42B484CC1491}"
EndProject
Global
	GlobalSection(SolutionConfigurationPlatforms) = preSolution
		Debug|Any CPU = Debug|Any CPU
		Release|Any CPU = Release|Any CPU
	EndGlobalSection
	GlobalSection(ProjectConfigurationPlatforms) = postSolution
		{75DBFB8E-96A8-47B5-881B-374CF1C478CF}.Debug|Any CPU.ActiveCfg = Debug|Any CPU
		{75DBFB8E-96A8-47B5-881B-374CF1C478CF}.Release|Any CPU.ActiveCfg = Release|Any CPU
		{A67AF5B8-ED25-427E-8241-42B484CC1491}.Debug|Any CPU.ActiveCfg = Debug|Any CPU
		{A67AF5B8-ED25-427E-8241-42B484CC1491}.Debug|Any CPU.Build.0 = Debug|Any CPU
		{A67AF5B8-ED25-427E-8241-42B484CC1491}.Release|Any CPU.ActiveCfg = Release|Any CPU
		{A67AF5B8-ED25-427E-8241-42B484CC1491}.Release|Any CPU.Build.0 = Release|Any CPU
	EndGlobalSection
	GlobalSection(SolutionProperties) = preSolution
		HideSolutionNode = FALSE
	EndGlobalSection
	GlobalSection(ExtensibilityGlobals) = postSolution
		SolutionGuid = {B8AEF3B2-2A11-4D19-A044-831E4395F87E}
	EndGlobalSection
EndGlobal
